
Microsoft Visual Studio Solution File, Format Version 12.00
# Visual Studio Version 16
VisualStudioVersion = 16.0.808.4
MinimumVisualStudioVersion = 10.0.40219.1
Project("{FAE04EC0-301F-11D3-BF4B-00C04F79EFBC}") = "s3805825_a1", "s3805825_a1\s3805825_a1.csproj", "{832B833E-C851-49BD-BF89-F31B3A0C5373}"
EndProject
Global
	GlobalSection(SolutionConfigurationPlatforms) = preSolution
		Debug|Any CPU = Debug|Any CPU
		Release|Any CPU = Release|Any CPU
	EndGlobalSection
	GlobalSection(ProjectConfigurationPlatforms) = postSolution
		{832B833E-C851-49BD-BF89-F31B3A0C5373}.Debug|Any CPU.ActiveCfg = Debug|Any CPU
		{832B833E-C851-49BD-BF89-F31B3A0C5373}.Debug|Any CPU.Build.0 = Debug|Any CPU
		{832B833E-C851-49BD-BF89-F31B3A0C5373}.Release|Any CPU.ActiveCfg = Release|Any CPU
		{832B833E-C851-49BD-BF89-F31B3A0C5373}.Release|Any CPU.Build.0 = Release|Any CPU
	EndGlobalSection
	GlobalSection(SolutionProperties) = preSolution
		HideSolutionNode = FALSE
	EndGlobalSection
	GlobalSection(ExtensibilityGlobals) = postSolution
		SolutionGuid = {C3AC5189-0CB7-43B1-B8AE-5D96DFF7A650}
	EndGlobalSection
EndGlobal
